// !$*UTF8*$!
{
	archiveVersion = 1;
	classes = {
	};
	objectVersion = 46;
	objects = {

/* Begin PBXBuildFile section */
		182116521A2E796F00022CB4 /* Settings.swift in Sources */ = {isa = PBXBuildFile; fileRef = 182116511A2E796F00022CB4 /* Settings.swift */; };
		182116541A2E7EBF00022CB4 /* global.swift in Sources */ = {isa = PBXBuildFile; fileRef = 182116531A2E7EBF00022CB4 /* global.swift */; };
		18741EF61A2E30580099A935 /* AppDelegate.swift in Sources */ = {isa = PBXBuildFile; fileRef = 18741EF51A2E30580099A935 /* AppDelegate.swift */; };
		18741EF91A2E30580099A935 /* YikChatSwift.xcdatamodeld in Sources */ = {isa = PBXBuildFile; fileRef = 18741EF71A2E30580099A935 /* YikChatSwift.xcdatamodeld */; };
		18741EFB1A2E30580099A935 /* ViewController.swift in Sources */ = {isa = PBXBuildFile; fileRef = 18741EFA1A2E30580099A935 /* ViewController.swift */; };
		18741EFE1A2E30580099A935 /* Main.storyboard in Resources */ = {isa = PBXBuildFile; fileRef = 18741EFC1A2E30580099A935 /* Main.storyboard */; };
		18741F001A2E30580099A935 /* Images.xcassets in Resources */ = {isa = PBXBuildFile; fileRef = 18741EFF1A2E30580099A935 /* Images.xcassets */; };
		18741F031A2E30580099A935 /* LaunchScreen.xib in Resources */ = {isa = PBXBuildFile; fileRef = 18741F011A2E30580099A935 /* LaunchScreen.xib */; };
		18741F0F1A2E30580099A935 /* YikChatSwiftTests.swift in Sources */ = {isa = PBXBuildFile; fileRef = 18741F0E1A2E30580099A935 /* YikChatSwiftTests.swift */; };
		18FCA3D51A2ECA25002DAEFA /* YikChatpic.jpg in Resources */ = {isa = PBXBuildFile; fileRef = 18FCA3D41A2ECA25002DAEFA /* YikChatpic.jpg */; };
		18FCA3D71A2ECA2E002DAEFA /* YikChatLogo.jpg in Resources */ = {isa = PBXBuildFile; fileRef = 18FCA3D61A2ECA2E002DAEFA /* YikChatLogo.jpg */; };
/* End PBXBuildFile section */

/* Begin PBXContainerItemProxy section */
		18741F091A2E30580099A935 /* PBXContainerItemProxy */ = {
			isa = PBXContainerItemProxy;
			containerPortal = 18741EE81A2E30580099A935 /* Project object */;
			proxyType = 1;
			remoteGlobalIDString = 18741EEF1A2E30580099A935;
			remoteInfo = YikChatSwift;
		};
/* End PBXContainerItemProxy section */

/* Begin PBXFileReference section */
		182116511A2E796F00022CB4 /* Settings.swift */ = {isa = PBXFileReference; fileEncoding = 4; lastKnownFileType = sourcecode.swift; path = Settings.swift; sourceTree = "<group>"; };
		182116531A2E7EBF00022CB4 /* global.swift */ = {isa = PBXFileReference; fileEncoding = 4; lastKnownFileType = sourcecode.swift; path = global.swift; sourceTree = "<group>"; };
		18741EF01A2E30580099A935 /* YikChatSwift.app */ = {isa = PBXFileReference; explicitFileType = wrapper.application; includeInIndex = 0; path = YikChatSwift.app; sourceTree = BUILT_PRODUCTS_DIR; };
		18741EF41A2E30580099A935 /* Info.plist */ = {isa = PBXFileReference; lastKnownFileType = text.plist.xml; path = Info.plist; sourceTree = "<group>"; };
		18741EF51A2E30580099A935 /* AppDelegate.swift */ = {isa = PBXFileReference; lastKnownFileType = sourcecode.swift; path = AppDelegate.swift; sourceTree = "<group>"; };
		18741EF81A2E30580099A935 /* YikChatSwift.xcdatamodel */ = {isa = PBXFileReference; lastKnownFileType = wrapper.xcdatamodel; path = YikChatSwift.xcdatamodel; sourceTree = "<group>"; };
		18741EFA1A2E30580099A935 /* ViewController.swift */ = {isa = PBXFileReference; lastKnownFileType = sourcecode.swift; path = ViewController.swift; sourceTree = "<group>"; };
		18741EFD1A2E30580099A935 /* Base */ = {isa = PBXFileReference; lastKnownFileType = file.storyboard; name = Base; path = Base.lproj/Main.storyboard; sourceTree = "<group>"; };
		18741EFF1A2E30580099A935 /* Images.xcassets */ = {isa = PBXFileReference; lastKnownFileType = folder.assetcatalog; path = Images.xcassets; sourceTree = "<group>"; };
		18741F021A2E30580099A935 /* Base */ = {isa = PBXFileReference; lastKnownFileType = file.xib; name = Base; path = Base.lproj/LaunchScreen.xib; sourceTree = "<group>"; };
		18741F081A2E30580099A935 /* YikChatSwiftTests.xctest */ = {isa = PBXFileReference; explicitFileType = wrapper.cfbundle; includeInIndex = 0; path = YikChatSwiftTests.xctest; sourceTree = BUILT_PRODUCTS_DIR; };
		18741F0D1A2E30580099A935 /* Info.plist */ = {isa = PBXFileReference; lastKnownFileType = text.plist.xml; path = Info.plist; sourceTree = "<group>"; };
		18741F0E1A2E30580099A935 /* YikChatSwiftTests.swift */ = {isa = PBXFileReference; lastKnownFileType = sourcecode.swift; path = YikChatSwiftTests.swift; sourceTree = "<group>"; };
		18FCA3D41A2ECA25002DAEFA /* YikChatpic.jpg */ = {isa = PBXFileReference; lastKnownFileType = image.jpeg; name = YikChatpic.jpg; path = ../../Downloads/YikChatpic.jpg; sourceTree = "<group>"; };
		18FCA3D61A2ECA2E002DAEFA /* YikChatLogo.jpg */ = {isa = PBXFileReference; lastKnownFileType = image.jpeg; name = YikChatLogo.jpg; path = ../../Downloads/YikChatLogo.jpg; sourceTree = "<group>"; };
/* End PBXFileReference section */

/* Begin PBXFrameworksBuildPhase section */
		18741EED1A2E30580099A935 /* Frameworks */ = {
			isa = PBXFrameworksBuildPhase;
			buildActionMask = 2147483647;
			files = (
			);
			runOnlyForDeploymentPostprocessing = 0;
		};
		18741F051A2E30580099A935 /* Frameworks */ = {
			isa = PBXFrameworksBuildPhase;
			buildActionMask = 2147483647;
			files = (
			);
			runOnlyForDeploymentPostprocessing = 0;
		};
/* End PBXFrameworksBuildPhase section */

/* Begin PBXGroup section */
		18741EE71A2E30580099A935 = {
			isa = PBXGroup;
			children = (
				18741EF21A2E30580099A935 /* YikChatSwift */,
				18741F0B1A2E30580099A935 /* YikChatSwiftTests */,
				18741EF11A2E30580099A935 /* Products */,
			);
			sourceTree = "<group>";
		};
		18741EF11A2E30580099A935 /* Products */ = {
			isa = PBXGroup;
			children = (
				18741EF01A2E30580099A935 /* YikChatSwift.app */,
				18741F081A2E30580099A935 /* YikChatSwiftTests.xctest */,
			);
			name = Products;
			sourceTree = "<group>";
		};
		18741EF21A2E30580099A935 /* YikChatSwift */ = {
			isa = PBXGroup;
			children = (
				18FCA3D61A2ECA2E002DAEFA /* YikChatLogo.jpg */,
				18FCA3D41A2ECA25002DAEFA /* YikChatpic.jpg */,
				18741EF51A2E30580099A935 /* AppDelegate.swift */,
				18741EFA1A2E30580099A935 /* ViewController.swift */,
				182116531A2E7EBF00022CB4 /* global.swift */,
				18741EFC1A2E30580099A935 /* Main.storyboard */,
				182116511A2E796F00022CB4 /* Settings.swift */,
				18741EFF1A2E30580099A935 /* Images.xcassets */,
				18741F011A2E30580099A935 /* LaunchScreen.xib */,
				18741EF71A2E30580099A935 /* YikChatSwift.xcdatamodeld */,
				18741EF31A2E30580099A935 /* Supporting Files */,
			);
			path = YikChatSwift;
			sourceTree = "<group>";
		};
		18741EF31A2E30580099A935 /* Supporting Files */ = {
			isa = PBXGroup;
			children = (
				18741EF41A2E30580099A935 /* Info.plist */,
			);
			name = "Supporting Files";
			sourceTree = "<group>";
		};
		18741F0B1A2E30580099A935 /* YikChatSwiftTests */ = {
			isa = PBXGroup;
			children = (
				18741F0E1A2E30580099A935 /* YikChatSwiftTests.swift */,
				18741F0C1A2E30580099A935 /* Supporting Files */,
			);
			path = YikChatSwiftTests;
			sourceTree = "<group>";
		};
		18741F0C1A2E30580099A935 /* Supporting Files */ = {
			isa = PBXGroup;
			children = (
				18741F0D1A2E30580099A935 /* Info.plist */,
			);
			name = "Supporting Files";
			sourceTree = "<group>";
		};
/* End PBXGroup section */

/* Begin PBXNativeTarget section */
		18741EEF1A2E30580099A935 /* YikChatSwift */ = {
			isa = PBXNativeTarget;
			buildConfigurationList = 18741F121A2E30580099A935 /* Build configuration list for PBXNativeTarget "YikChatSwift" */;
			buildPhases = (
				18741EEC1A2E30580099A935 /* Sources */,
				18741EED1A2E30580099A935 /* Frameworks */,
				18741EEE1A2E30580099A935 /* Resources */,
			);
			buildRules = (
			);
			dependencies = (
			);
			name = YikChatSwift;
			productName = YikChatSwift;
			productReference = 18741EF01A2E30580099A935 /* YikChatSwift.app */;
			productType = "com.apple.product-type.application";
		};
		18741F071A2E30580099A935 /* YikChatSwiftTests */ = {
			isa = PBXNativeTarget;
			buildConfigurationList = 18741F151A2E30580099A935 /* Build configuration list for PBXNativeTarget "YikChatSwiftTests" */;
			buildPhases = (
				18741F041A2E30580099A935 /* Sources */,
				18741F051A2E30580099A935 /* Frameworks */,
				18741F061A2E30580099A935 /* Resources */,
			);
			buildRules = (
			);
			dependencies = (
				18741F0A1A2E30580099A935 /* PBXTargetDependency */,
			);
			name = YikChatSwiftTests;
			productName = YikChatSwiftTests;
			productReference = 18741F081A2E30580099A935 /* YikChatSwiftTests.xctest */;
			productType = "com.apple.product-type.bundle.unit-test";
		};
/* End PBXNativeTarget section */

/* Begin PBXProject section */
		18741EE81A2E30580099A935 /* Project object */ = {
			isa = PBXProject;
			attributes = {
				LastUpgradeCheck = 0610;
				ORGANIZATIONNAME = "Q Kalantary";
				TargetAttributes = {
					18741EEF1A2E30580099A935 = {
						CreatedOnToolsVersion = 6.1;
					};
					18741F071A2E30580099A935 = {
						CreatedOnToolsVersion = 6.1;
						TestTargetID = 18741EEF1A2E30580099A935;
					};
				};
			};
			buildConfigurationList = 18741EEB1A2E30580099A935 /* Build configuration list for PBXProject "YikChatSwift" */;
			compatibilityVersion = "Xcode 3.2";
			developmentRegion = English;
			hasScannedForEncodings = 0;
			knownRegions = (
				en,
				Base,
			);
			mainGroup = 18741EE71A2E30580099A935;
			productRefGroup = 18741EF11A2E30580099A935 /* Products */;
			projectDirPath = "";
			projectRoot = "";
			targets = (
				18741EEF1A2E30580099A935 /* YikChatSwift */,
				18741F071A2E30580099A935 /* YikChatSwiftTests */,
			);
		};
/* End PBXProject section */

/* Begin PBXResourcesBuildPhase section */
		18741EEE1A2E30580099A935 /* Resources */ = {
			isa = PBXResourcesBuildPhase;
			buildActionMask = 2147483647;
			files = (
				18741EFE1A2E30580099A935 /* Main.storyboard in Resources */,
				18741F031A2E30580099A935 /* LaunchScreen.xib in Resources */,
				18FCA3D71A2ECA2E002DAEFA /* YikChatLogo.jpg in Resources */,
				18FCA3D51A2ECA25002DAEFA /* YikChatpic.jpg in Resources */,
				18741F001A2E30580099A935 /* Images.xcassets in Resources */,
			);
			runOnlyForDeploymentPostprocessing = 0;
		};
		18741F061A2E30580099A935 /* Resources */ = {
			isa = PBXResourcesBuildPhase;
			buildActionMask = 2147483647;
			files = (
			);
			runOnlyForDeploymentPostprocessing = 0;
		};
/* End PBXResourcesBuildPhase section */

/* Begin PBXSourcesBuildPhase section */
		18741EEC1A2E30580099A935 /* Sources */ = {
			isa = PBXSourcesBuildPhase;
			buildActionMask = 2147483647;
			files = (
				18741EFB1A2E30580099A935 /* ViewController.swift in Sources */,
				18741EF61A2E30580099A935 /* AppDelegate.swift in Sources */,
				182116521A2E796F00022CB4 /* Settings.swift in Sources */,
				18741EF91A2E30580099A935 /* YikChatSwift.xcdatamodeld in Sources */,
				182116541A2E7EBF00022CB4 /* global.swift in Sources */,
			);
			runOnlyForDeploymentPostprocessing = 0;
		};
		18741F041A2E30580099A935 /* Sources */ = {
			isa = PBXSourcesBuildPhase;
			buildActionMask = 2147483647;
			files = (
				18741F0F1A2E30580099A935 /* YikChatSwiftTests.swift in Sources */,
			);
			runOnlyForDeploymentPostprocessing = 0;
		};
/* End PBXSourcesBuildPhase section */

/* Begin PBXTargetDependency section */
		18741F0A1A2E30580099A935 /* PBXTargetDependency */ = {
			isa = PBXTargetDependency;
			target = 18741EEF1A2E30580099A935 /* YikChatSwift */;
			targetProxy = 18741F091A2E30580099A935 /* PBXContainerItemProxy */;
		};
/* End PBXTargetDependency section */

/* Begin PBXVariantGroup section */
		18741EFC1A2E30580099A935 /* Main.storyboard */ = {
			isa = PBXVariantGroup;
			children = (
				18741EFD1A2E30580099A935 /* Base */,
			);
			name = Main.storyboard;
			sourceTree = "<group>";
		};
		18741F011A2E30580099A935 /* LaunchScreen.xib */ = {
			isa = PBXVariantGroup;
			children = (
				18741F021A2E30580099A935 /* Base */,
			);
			name = LaunchScreen.xib;
			sourceTree = "<group>";
		};
/* End PBXVariantGroup section */

/* Begin XCBuildConfiguration section */
		18741F101A2E30580099A935 /* Debug */ = {
			isa = XCBuildConfiguration;
			buildSettings = {
				ALWAYS_SEARCH_USER_PATHS = NO;
				CLANG_CXX_LANGUAGE_STANDARD = "gnu++0x";
				CLANG_CXX_LIBRARY = "libc++";
				CLANG_ENABLE_MODULES = YES;
				CLANG_ENABLE_OBJC_ARC = YES;
				CLANG_WARN_BOOL_CONVERSION = YES;
				CLANG_WARN_CONSTANT_CONVERSION = YES;
				CLANG_WARN_DIRECT_OBJC_ISA_USAGE = YES_ERROR;
				CLANG_WARN_EMPTY_BODY = YES;
				CLANG_WARN_ENUM_CONVERSION = YES;
				CLANG_WARN_INT_CONVERSION = YES;
				CLANG_WARN_OBJC_ROOT_CLASS = YES_ERROR;
				CLANG_WARN_UNREACHABLE_CODE = YES;
				CLANG_WARN__DUPLICATE_METHOD_MATCH = YES;
				"CODE_SIGN_IDENTITY[sdk=iphoneos*]" = "iPhone Developer";
				COPY_PHASE_STRIP = NO;
				ENABLE_STRICT_OBJC_MSGSEND = YES;
				GCC_C_LANGUAGE_STANDARD = gnu99;
				GCC_DYNAMIC_NO_PIC = NO;
				GCC_OPTIMIZATION_LEVEL = 0;
				GCC_PREPROCESSOR_DEFINITIONS = (
					"DEBUG=1",
					"$(inherited)",
				);
				GCC_SYMBOLS_PRIVATE_EXTERN = NO;
				GCC_WARN_64_TO_32_BIT_CONVERSION = YES;
				GCC_WARN_ABOUT_RETURN_TYPE = YES_ERROR;
				GCC_WARN_UNDECLARED_SELECTOR = YES;
				GCC_WARN_UNINITIALIZED_AUTOS = YES_AGGRESSIVE;
				GCC_WARN_UNUSED_FUNCTION = YES;
				GCC_WARN_UNUSED_VARIABLE = YES;
				IPHONEOS_DEPLOYMENT_TARGET = 8.1;
				MTL_ENABLE_DEBUG_INFO = YES;
				ONLY_ACTIVE_ARCH = YES;
				SDKROOT = iphoneos;
				SWIFT_OPTIMIZATION_LEVEL = "-Onone";
			};
			name = Debug;
		};
		18741F111A2E30580099A935 /* Release */ = {
			isa = XCBuildConfiguration;
			buildSettings = {
				ALWAYS_SEARCH_USER_PATHS = NO;
				CLANG_CXX_LANGUAGE_STANDARD = "gnu++0x";
				CLANG_CXX_LIBRARY = "libc++";
				CLANG_ENABLE_MODULES = YES;
				CLANG_ENABLE_OBJC_ARC = YES;
				CLANG_WARN_BOOL_CONVERSION = YES;
				CLANG_WARN_CONSTANT_CONVERSION = YES;
				CLANG_WARN_DIRECT_OBJC_ISA_USAGE = YES_ERROR;
				CLANG_WARN_EMPTY_BODY = YES;
				CLANG_WARN_ENUM_CONVERSION = YES;
				CLANG_WARN_INT_CONVERSION = YES;
				CLANG_WARN_OBJC_ROOT_CLASS = YES_ERROR;
				CLANG_WARN_UNREACHABLE_CODE = YES;
				CLANG_WARN__DUPLICATE_METHOD_MATCH = YES;
				"CODE_SIGN_IDENTITY[sdk=iphoneos*]" = "iPhone Developer";
				COPY_PHASE_STRIP = YES;
				ENABLE_NS_ASSERTIONS = NO;
				ENABLE_STRICT_OBJC_MSGSEND = YES;
				GCC_C_LANGUAGE_STANDARD = gnu99;
				GCC_WARN_64_TO_32_BIT_CONVERSION = YES;
				GCC_WARN_ABOUT_RETURN_TYPE = YES_ERROR;
				GCC_WARN_UNDECLARED_SELECTOR = YES;
				GCC_WARN_UNINITIALIZED_AUTOS = YES_AGGRESSIVE;
				GCC_WARN_UNUSED_FUNCTION = YES;
				GCC_WARN_UNUSED_VARIABLE = YES;
				IPHONEOS_DEPLOYMENT_TARGET = 8.1;
				MTL_ENABLE_DEBUG_INFO = NO;
				SDKROOT = iphoneos;
				VALIDATE_PRODUCT = YES;
			};
			name = Release;
		};
		18741F131A2E30580099A935 /* Debug */ = {
			isa = XCBuildConfiguration;
			buildSettings = {
				ASSETCATALOG_COMPILER_APPICON_NAME = AppIcon;
				INFOPLIST_FILE = YikChatSwift/Info.plist;
				LD_RUNPATH_SEARCH_PATHS = "$(inherited) @executable_path/Frameworks";
				PRODUCT_NAME = "$(TARGET_NAME)";
			};
			name = Debug;
		};
		18741F141A2E30580099A935 /* Release */ = {
			isa = XCBuildConfiguration;
			buildSettings = {
				ASSETCATALOG_COMPILER_APPICON_NAME = AppIcon;
				INFOPLIST_FILE = YikChatSwift/Info.plist;
				LD_RUNPATH_SEARCH_PATHS = "$(inherited) @executable_path/Frameworks";
				PRODUCT_NAME = "$(TARGET_NAME)";
			};
			name = Release;
		};
		18741F161A2E30580099A935 /* Debug */ = {
			isa = XCBuildConfiguration;
			buildSettings = {
				BUNDLE_LOADER = "$(TEST_HOST)";
				FRAMEWORK_SEARCH_PATHS = (
					"$(SDKROOT)/Developer/Library/Frameworks",
					"$(inherited)",
				);
				GCC_PREPROCESSOR_DEFINITIONS = (
					"DEBUG=1",
					"$(inherited)",
				);
				INFOPLIST_FILE = YikChatSwiftTests/Info.plist;
				LD_RUNPATH_SEARCH_PATHS = "$(inherited) @executable_path/Frameworks @loader_path/Frameworks";
				PRODUCT_NAME = "$(TARGET_NAME)";
				TEST_HOST = "$(BUILT_PRODUCTS_DIR)/YikChatSwift.app/YikChatSwift";
			};
			name = Debug;
		};
		18741F171A2E30580099A935 /* Release */ = {
			isa = XCBuildConfiguration;
			buildSettings = {
				BUNDLE_LOADER = "$(TEST_HOST)";
				FRAMEWORK_SEARCH_PATHS = (
					"$(SDKROOT)/Developer/Library/Frameworks",
					"$(inherited)",
				);
				INFOPLIST_FILE = YikChatSwiftTests/Info.plist;
				LD_RUNPATH_SEARCH_PATHS = "$(inherited) @executable_path/Frameworks @loader_path/Frameworks";
				PRODUCT_NAME = "$(TARGET_NAME)";
				TEST_HOST = "$(BUILT_PRODUCTS_DIR)/YikChatSwift.app/YikChatSwift";
			};
			name = Release;
		};
/* End XCBuildConfiguration section */

/* Begin XCConfigurationList section */
		18741EEB1A2E30580099A935 /* Build configuration list for PBXProject "YikChatSwift" */ = {
			isa = XCConfigurationList;
			buildConfigurations = (
				18741F101A2E30580099A935 /* Debug */,
				18741F111A2E30580099A935 /* Release */,
			);
			defaultConfigurationIsVisible = 0;
			defaultConfigurationName = Release;
		};
		18741F121A2E30580099A935 /* Build configuration list for PBXNativeTarget "YikChatSwift" */ = {
			isa = XCConfigurationList;
			buildConfigurations = (
				18741F131A2E30580099A935 /* Debug */,
				18741F141A2E30580099A935 /* Release */,
			);
			defaultConfigurationIsVisible = 0;
			defaultConfigurationName = Release;
		};
		18741F151A2E30580099A935 /* Build configuration list for PBXNativeTarget "YikChatSwiftTests" */ = {
			isa = XCConfigurationList;
			buildConfigurations = (
				18741F161A2E30580099A935 /* Debug */,
				18741F171A2E30580099A935 /* Release */,
			);
			defaultConfigurationIsVisible = 0;
			defaultConfigurationName = Release;
		};
/* End XCConfigurationList section */

/* Begin XCVersionGroup section */
		18741EF71A2E30580099A935 /* YikChatSwift.xcdatamodeld */ = {
			isa = XCVersionGroup;
			children = (
				18741EF81A2E30580099A935 /* YikChatSwift.xcdatamodel */,
			);
			currentVersion = 18741EF81A2E30580099A935 /* YikChatSwift.xcdatamodel */;
			path = YikChatSwift.xcdatamodeld;
			sourceTree = "<group>";
			versionGroupType = wrapper.xcdatamodel;
		};
/* End XCVersionGroup section */
	};
	rootObject = 18741EE81A2E30580099A935 /* Project object */;
}
